
Microsoft Visual Studio Solution File, Format Version 12.00
# Visual Studio 15
VisualStudioVersion = 15.0.28307.902
MinimumVisualStudioVersion = 10.0.40219.1
Project("{FAE04EC0-301F-11D3-BF4B-00C04F79EFBC}") = "TokenAuthenticationWebAPI", "TokenAuthenticationWebAPI\TokenAuthenticationWebAPI.csproj", "{BD1F8081-49FA-4C29-AF2C-73FE97D47DBF}"
EndProject
Global
	GlobalSection(SolutionConfigurationPlatforms) = preSolution
		Debug|Any CPU = Debug|Any CPU
		Release|Any CPU = Release|Any CPU
	EndGlobalSection
	GlobalSection(ProjectConfigurationPlatforms) = postSolution
		{BD1F8081-49FA-4C29-AF2C-73FE97D47DBF}.Debug|Any CPU.ActiveCfg = Debug|Any CPU
		{BD1F8081-49FA-4C29-AF2C-73FE97D47DBF}.Debug|Any CPU.Build.0 = Debug|Any CPU
		{BD1F8081-49FA-4C29-AF2C-73FE97D47DBF}.Release|Any CPU.ActiveCfg = Release|Any CPU
		{BD1F8081-49FA-4C29-AF2C-73FE97D47DBF}.Release|Any CPU.Build.0 = Release|Any CPU
	EndGlobalSection
	GlobalSection(SolutionProperties) = preSolution
		HideSolutionNode = FALSE
	EndGlobalSection
	GlobalSection(ExtensibilityGlobals) = postSolution
		SolutionGuid = {4350C11E-A8C3-4CC3-8AFF-A6D967186537}
	EndGlobalSection
EndGlobal
